
Microsoft Visual Studio Solution File, Format Version 12.00
# Visual Studio 14
VisualStudioVersion = 14.0.25420.1
MinimumVisualStudioVersion = 10.0.40219.1
Project("{FAE04EC0-301F-11D3-BF4B-00C04F79EFBC}") = "GreedKata", "GreedKata.csproj", "{19F38728-132E-43D0-8155-B73625F3A5F5}"
EndProject
Project("{FAE04EC0-301F-11D3-BF4B-00C04F79EFBC}") = "GreedKataTests", "..\GreedKataTests\GreedKataTests.csproj", "{A7D06A58-91A7-40C2-A687-909F3A77ECBA}"
EndProject
Global
	GlobalSection(SolutionConfigurationPlatforms) = preSolution
		Debug|Any CPU = Debug|Any CPU
		Release|Any CPU = Release|Any CPU
	EndGlobalSection
	GlobalSection(ProjectConfigurationPlatforms) = postSolution
		{19F38728-132E-43D0-8155-B73625F3A5F5}.Debug|Any CPU.ActiveCfg = Debug|Any CPU
		{19F38728-132E-43D0-8155-B73625F3A5F5}.Debug|Any CPU.Build.0 = Debug|Any CPU
		{19F38728-132E-43D0-8155-B73625F3A5F5}.Release|Any CPU.ActiveCfg = Release|Any CPU
		{19F38728-132E-43D0-8155-B73625F3A5F5}.Release|Any CPU.Build.0 = Release|Any CPU
		{A7D06A58-91A7-40C2-A687-909F3A77ECBA}.Debug|Any CPU.ActiveCfg = Debug|Any CPU
		{A7D06A58-91A7-40C2-A687-909F3A77ECBA}.Debug|Any CPU.Build.0 = Debug|Any CPU
		{A7D06A58-91A7-40C2-A687-909F3A77ECBA}.Release|Any CPU.ActiveCfg = Release|Any CPU
		{A7D06A58-91A7-40C2-A687-909F3A77ECBA}.Release|Any CPU.Build.0 = Release|Any CPU
	EndGlobalSection
	GlobalSection(SolutionProperties) = preSolution
		HideSolutionNode = FALSE
	EndGlobalSection
EndGlobal
